
Microsoft Visual Studio Solution File, Format Version 12.00
# Visual Studio 15
VisualStudioVersion = 15.0.27130.2010
MinimumVisualStudioVersion = 10.0.40219.1
Project("{FAE04EC0-301F-11D3-BF4B-00C04F79EFBC}") = "CuatroEstaciones.Core", "src\CuatroEstaciones.Core\CuatroEstaciones.Core.csproj", "{4AC694A7-04A2-43FA-A828-3AEF473BA4B1}"
EndProject
Project("{FAE04EC0-301F-11D3-BF4B-00C04F79EFBC}") = "CuatroEstaciones.UI", "src\CuatroEstaciones.UI\CuatroEstaciones.UI.csproj", "{8ED2C91B-0BC3-4197-AEE6-1173703927FF}"
EndProject
Project("{FAE04EC0-301F-11D3-BF4B-00C04F79EFBC}") = "CuatroEstaciones.Droid", "src\CuatroEstaciones.Droid\CuatroEstaciones.Droid.csproj", "{3CAEA1B8-D6D6-4372-92CE-C63589252705}"
EndProject
Project("{FAE04EC0-301F-11D3-BF4B-00C04F79EFBC}") = "CuatroEstaciones.UWP", "src\CuatroEstaciones.UWP\CuatroEstaciones.UWP.csproj", "{371E14DA-6E5D-4F1A-AE4E-63C412968CAD}"
EndProject
Global
	GlobalSection(SolutionConfigurationPlatforms) = preSolution
		Debug|Any CPU = Debug|Any CPU
		Debug|ARM = Debug|ARM
		Debug|iPhone = Debug|iPhone
		Debug|iPhoneSimulator = Debug|iPhoneSimulator
		Debug|x64 = Debug|x64
		Debug|x86 = Debug|x86
		Release|Any CPU = Release|Any CPU
		Release|ARM = Release|ARM
		Release|iPhone = Release|iPhone
		Release|iPhoneSimulator = Release|iPhoneSimulator
		Release|x64 = Release|x64
		Release|x86 = Release|x86
	EndGlobalSection
	GlobalSection(ProjectConfigurationPlatforms) = postSolution
		{4AC694A7-04A2-43FA-A828-3AEF473BA4B1}.Debug|Any CPU.ActiveCfg = Debug|Any CPU
		{4AC694A7-04A2-43FA-A828-3AEF473BA4B1}.Debug|Any CPU.Build.0 = Debug|Any CPU
		{4AC694A7-04A2-43FA-A828-3AEF473BA4B1}.Debug|ARM.ActiveCfg = Debug|Any CPU
		{4AC694A7-04A2-43FA-A828-3AEF473BA4B1}.Debug|ARM.Build.0 = Debug|Any CPU
		{4AC694A7-04A2-43FA-A828-3AEF473BA4B1}.Debug|iPhone.ActiveCfg = Debug|Any CPU
		{4AC694A7-04A2-43FA-A828-3AEF473BA4B1}.Debug|iPhone.Build.0 = Debug|Any CPU
		{4AC694A7-04A2-43FA-A828-3AEF473BA4B1}.Debug|iPhoneSimulator.ActiveCfg = Debug|Any CPU
		{4AC694A7-04A2-43FA-A828-3AEF473BA4B1}.Debug|iPhoneSimulator.Build.0 = Debug|Any CPU
		{4AC694A7-04A2-43FA-A828-3AEF473BA4B1}.Debug|x64.ActiveCfg = Debug|Any CPU
		{4AC694A7-04A2-43FA-A828-3AEF473BA4B1}.Debug|x64.Build.0 = Debug|Any CPU
		{4AC694A7-04A2-43FA-A828-3AEF473BA4B1}.Debug|x86.ActiveCfg = Debug|Any CPU
		{4AC694A7-04A2-43FA-A828-3AEF473BA4B1}.Debug|x86.Build.0 = Debug|Any CPU
		{4AC694A7-04A2-43FA-A828-3AEF473BA4B1}.Release|Any CPU.ActiveCfg = Release|Any CPU
		{4AC694A7-04A2-43FA-A828-3AEF473BA4B1}.Release|Any CPU.Build.0 = Release|Any CPU
		{4AC694A7-04A2-43FA-A828-3AEF473BA4B1}.Release|ARM.ActiveCfg = Release|Any CPU
		{4AC694A7-04A2-43FA-A828-3AEF473BA4B1}.Release|ARM.Build.0 = Release|Any CPU
		{4AC694A7-04A2-43FA-A828-3AEF473BA4B1}.Release|iPhone.ActiveCfg = Release|Any CPU
		{4AC694A7-04A2-43FA-A828-3AEF473BA4B1}.Release|iPhone.Build.0 = Release|Any CPU
		{4AC694A7-04A2-43FA-A828-3AEF473BA4B1}.Release|iPhoneSimulator.ActiveCfg = Release|Any CPU
		{4AC694A7-04A2-43FA-A828-3AEF473BA4B1}.Release|iPhoneSimulator.Build.0 = Release|Any CPU
		{4AC694A7-04A2-43FA-A828-3AEF473BA4B1}.Release|x64.ActiveCfg = Release|Any CPU
		{4AC694A7-04A2-43FA-A828-3AEF473BA4B1}.Release|x64.Build.0 = Release|Any CPU
		{4AC694A7-04A2-43FA-A828-3AEF473BA4B1}.Release|x86.ActiveCfg = Release|Any CPU
		{4AC694A7-04A2-43FA-A828-3AEF473BA4B1}.Release|x86.Build.0 = Release|Any CPU
		{8ED2C91B-0BC3-4197-AEE6-1173703927FF}.Debug|Any CPU.ActiveCfg = Debug|Any CPU
		{8ED2C91B-0BC3-4197-AEE6-1173703927FF}.Debug|Any CPU.Build.0 = Debug|Any CPU
		{8ED2C91B-0BC3-4197-AEE6-1173703927FF}.Debug|ARM.ActiveCfg = Debug|Any CPU
		{8ED2C91B-0BC3-4197-AEE6-1173703927FF}.Debug|ARM.Build.0 = Debug|Any CPU
		{8ED2C91B-0BC3-4197-AEE6-1173703927FF}.Debug|iPhone.ActiveCfg = Debug|Any CPU
		{8ED2C91B-0BC3-4197-AEE6-1173703927FF}.Debug|iPhone.Build.0 = Debug|Any CPU
		{8ED2C91B-0BC3-4197-AEE6-1173703927FF}.Debug|iPhoneSimulator.ActiveCfg = Debug|Any CPU
		{8ED2C91B-0BC3-4197-AEE6-1173703927FF}.Debug|iPhoneSimulator.Build.0 = Debug|Any CPU
		{8ED2C91B-0BC3-4197-AEE6-1173703927FF}.Debug|x64.ActiveCfg = Debug|Any CPU
		{8ED2C91B-0BC3-4197-AEE6-1173703927FF}.Debug|x64.Build.0 = Debug|Any CPU
		{8ED2C91B-0BC3-4197-AEE6-1173703927FF}.Debug|x86.ActiveCfg = Debug|Any CPU
		{8ED2C91B-0BC3-4197-AEE6-1173703927FF}.Debug|x86.Build.0 = Debug|Any CPU
		{8ED2C91B-0BC3-4197-AEE6-1173703927FF}.Release|Any CPU.ActiveCfg = Release|Any CPU
		{8ED2C91B-0BC3-4197-AEE6-1173703927FF}.Release|Any CPU.Build.0 = Release|Any CPU
		{8ED2C91B-0BC3-4197-AEE6-1173703927FF}.Release|ARM.ActiveCfg = Release|Any CPU
		{8ED2C91B-0BC3-4197-AEE6-1173703927FF}.Release|ARM.Build.0 = Release|Any CPU
		{8ED2C91B-0BC3-4197-AEE6-1173703927FF}.Release|iPhone.ActiveCfg = Release|Any CPU
		{8ED2C91B-0BC3-4197-AEE6-1173703927FF}.Release|iPhone.Build.0 = Release|Any CPU
		{8ED2C91B-0BC3-4197-AEE6-1173703927FF}.Release|iPhoneSimulator.ActiveCfg = Release|Any CPU
		{8ED2C91B-0BC3-4197-AEE6-1173703927FF}.Release|iPhoneSimulator.Build.0 = Release|Any CPU
		{8ED2C91B-0BC3-4197-AEE6-1173703927FF}.Release|x64.ActiveCfg = Release|Any CPU
		{8ED2C91B-0BC3-4197-AEE6-1173703927FF}.Release|x64.Build.0 = Release|Any CPU
		{8ED2C91B-0BC3-4197-AEE6-1173703927FF}.Release|x86.ActiveCfg = Release|Any CPU
		{8ED2C91B-0BC3-4197-AEE6-1173703927FF}.Release|x86.Build.0 = Release|Any CPU
		{3CAEA1B8-D6D6-4372-92CE-C63589252705}.Debug|Any CPU.ActiveCfg = Debug|Any CPU
		{3CAEA1B8-D6D6-4372-92CE-C63589252705}.Debug|Any CPU.Build.0 = Debug|Any CPU
		{3CAEA1B8-D6D6-4372-92CE-C63589252705}.Debug|Any CPU.Deploy.0 = Debug|Any CPU
		{3CAEA1B8-D6D6-4372-92CE-C63589252705}.Debug|ARM.ActiveCfg = Debug|Any CPU
		{3CAEA1B8-D6D6-4372-92CE-C63589252705}.Debug|ARM.Build.0 = Debug|Any CPU
		{3CAEA1B8-D6D6-4372-92CE-C63589252705}.Debug|ARM.Deploy.0 = Debug|Any CPU
		{3CAEA1B8-D6D6-4372-92CE-C63589252705}.Debug|iPhone.ActiveCfg = Debug|Any CPU
		{3CAEA1B8-D6D6-4372-92CE-C63589252705}.Debug|iPhone.Build.0 = Debug|Any CPU
		{3CAEA1B8-D6D6-4372-92CE-C63589252705}.Debug|iPhone.Deploy.0 = Debug|Any CPU
		{3CAEA1B8-D6D6-4372-92CE-C63589252705}.Debug|iPhoneSimulator.ActiveCfg = Debug|Any CPU
		{3CAEA1B8-D6D6-4372-92CE-C63589252705}.Debug|iPhoneSimulator.Build.0 = Debug|Any CPU
		{3CAEA1B8-D6D6-4372-92CE-C63589252705}.Debug|iPhoneSimulator.Deploy.0 = Debug|Any CPU
		{3CAEA1B8-D6D6-4372-92CE-C63589252705}.Debug|x64.ActiveCfg = Debug|Any CPU
		{3CAEA1B8-D6D6-4372-92CE-C63589252705}.Debug|x64.Build.0 = Debug|Any CPU
		{3CAEA1B8-D6D6-4372-92CE-C63589252705}.Debug|x64.Deploy.0 = Debug|Any CPU
		{3CAEA1B8-D6D6-4372-92CE-C63589252705}.Debug|x86.ActiveCfg = Debug|Any CPU
		{3CAEA1B8-D6D6-4372-92CE-C63589252705}.Debug|x86.Build.0 = Debug|Any CPU
		{3CAEA1B8-D6D6-4372-92CE-C63589252705}.Debug|x86.Deploy.0 = Debug|Any CPU
		{3CAEA1B8-D6D6-4372-92CE-C63589252705}.Release|Any CPU.ActiveCfg = Release|Any CPU
		{3CAEA1B8-D6D6-4372-92CE-C63589252705}.Release|Any CPU.Build.0 = Release|Any CPU
		{3CAEA1B8-D6D6-4372-92CE-C63589252705}.Release|Any CPU.Deploy.0 = Release|Any CPU
		{3CAEA1B8-D6D6-4372-92CE-C63589252705}.Release|ARM.ActiveCfg = Release|Any CPU
		{3CAEA1B8-D6D6-4372-92CE-C63589252705}.Release|ARM.Build.0 = Release|Any CPU
		{3CAEA1B8-D6D6-4372-92CE-C63589252705}.Release|ARM.Deploy.0 = Release|Any CPU
		{3CAEA1B8-D6D6-4372-92CE-C63589252705}.Release|iPhone.ActiveCfg = Release|Any CPU
		{3CAEA1B8-D6D6-4372-92CE-C63589252705}.Release|iPhone.Build.0 = Release|Any CPU
		{3CAEA1B8-D6D6-4372-92CE-C63589252705}.Release|iPhone.Deploy.0 = Release|Any CPU
		{3CAEA1B8-D6D6-4372-92CE-C63589252705}.Release|iPhoneSimulator.ActiveCfg = Release|Any CPU
		{3CAEA1B8-D6D6-4372-92CE-C63589252705}.Release|iPhoneSimulator.Build.0 = Release|Any CPU
		{3CAEA1B8-D6D6-4372-92CE-C63589252705}.Release|iPhoneSimulator.Deploy.0 = Release|Any CPU
		{3CAEA1B8-D6D6-4372-92CE-C63589252705}.Release|x64.ActiveCfg = Release|Any CPU
		{3CAEA1B8-D6D6-4372-92CE-C63589252705}.Release|x64.Build.0 = Release|Any CPU
		{3CAEA1B8-D6D6-4372-92CE-C63589252705}.Release|x64.Deploy.0 = Release|Any CPU
		{3CAEA1B8-D6D6-4372-92CE-C63589252705}.Release|x86.ActiveCfg = Release|Any CPU
		{3CAEA1B8-D6D6-4372-92CE-C63589252705}.Release|x86.Build.0 = Release|Any CPU
		{3CAEA1B8-D6D6-4372-92CE-C63589252705}.Release|x86.Deploy.0 = Release|Any CPU
		{371E14DA-6E5D-4F1A-AE4E-63C412968CAD}.Debug|Any CPU.ActiveCfg = Debug|x86
		{371E14DA-6E5D-4F1A-AE4E-63C412968CAD}.Debug|ARM.ActiveCfg = Debug|ARM
		{371E14DA-6E5D-4F1A-AE4E-63C412968CAD}.Debug|ARM.Build.0 = Debug|ARM
		{371E14DA-6E5D-4F1A-AE4E-63C412968CAD}.Debug|ARM.Deploy.0 = Debug|ARM
		{371E14DA-6E5D-4F1A-AE4E-63C412968CAD}.Debug|iPhone.ActiveCfg = Debug|x86
		{371E14DA-6E5D-4F1A-AE4E-63C412968CAD}.Debug|iPhoneSimulator.ActiveCfg = Debug|x86
		{371E14DA-6E5D-4F1A-AE4E-63C412968CAD}.Debug|x64.ActiveCfg = Debug|x64
		{371E14DA-6E5D-4F1A-AE4E-63C412968CAD}.Debug|x64.Build.0 = Debug|x64
		{371E14DA-6E5D-4F1A-AE4E-63C412968CAD}.Debug|x64.Deploy.0 = Debug|x64
		{371E14DA-6E5D-4F1A-AE4E-63C412968CAD}.Debug|x86.ActiveCfg = Debug|x86
		{371E14DA-6E5D-4F1A-AE4E-63C412968CAD}.Debug|x86.Build.0 = Debug|x86
		{371E14DA-6E5D-4F1A-AE4E-63C412968CAD}.Debug|x86.Deploy.0 = Debug|x86
		{371E14DA-6E5D-4F1A-AE4E-63C412968CAD}.Release|Any CPU.ActiveCfg = Release|x86
		{371E14DA-6E5D-4F1A-AE4E-63C412968CAD}.Release|ARM.ActiveCfg = Release|ARM
		{371E14DA-6E5D-4F1A-AE4E-63C412968CAD}.Release|ARM.Build.0 = Release|ARM
		{371E14DA-6E5D-4F1A-AE4E-63C412968CAD}.Release|ARM.Deploy.0 = Release|ARM
		{371E14DA-6E5D-4F1A-AE4E-63C412968CAD}.Release|iPhone.ActiveCfg = Release|x86
		{371E14DA-6E5D-4F1A-AE4E-63C412968CAD}.Release|iPhoneSimulator.ActiveCfg = Release|x86
		{371E14DA-6E5D-4F1A-AE4E-63C412968CAD}.Release|x64.ActiveCfg = Release|x64
		{371E14DA-6E5D-4F1A-AE4E-63C412968CAD}.Release|x64.Build.0 = Release|x64
		{371E14DA-6E5D-4F1A-AE4E-63C412968CAD}.Release|x64.Deploy.0 = Release|x64
		{371E14DA-6E5D-4F1A-AE4E-63C412968CAD}.Release|x86.ActiveCfg = Release|x86
		{371E14DA-6E5D-4F1A-AE4E-63C412968CAD}.Release|x86.Build.0 = Release|x86
		{371E14DA-6E5D-4F1A-AE4E-63C412968CAD}.Release|x86.Deploy.0 = Release|x86
	EndGlobalSection
	GlobalSection(SolutionProperties) = preSolution
		HideSolutionNode = FALSE
	EndGlobalSection
	GlobalSection(ExtensibilityGlobals) = postSolution
		SolutionGuid = {17022553-AAD7-4115-A5E7-945ED506F37D}
	EndGlobalSection
EndGlobal
